
Microsoft Visual Studio Solution File, Format Version 12.00
# Visual Studio Version 17
VisualStudioVersion = 17.8.34316.72
MinimumVisualStudioVersion = 10.0.40219.1
Project("{9A19103F-16F7-4668-BE54-9A1E7A4F7556}") = "AdventOfCodeDay1", "AdventOfCodeDay1\AdventOfCodeDay1.csproj", "{B99EDE47-0D5F-46B8-9263-5E9B47540AF6}"
EndProject
Project("{9A19103F-16F7-4668-BE54-9A1E7A4F7556}") = "AdventOfCodeDay2", "AdventOfCodeDay2\AdventOfCodeDay2.csproj", "{71FF6229-3F9D-4ECF-8A7D-808D64D8D6BF}"
EndProject
Project("{9A19103F-16F7-4668-BE54-9A1E7A4F7556}") = "AdventOfCodeDay3", "AdventOfCodeDay3\AdventOfCodeDay3.csproj", "{7AA84F37-5268-44C2-BD53-D8D49C07936C}"
EndProject
Project("{9A19103F-16F7-4668-BE54-9A1E7A4F7556}") = "AdventOfCodeDay4", "AdventOfCodeDay4\AdventOfCodeDay4.csproj", "{E95F76EF-578D-4292-BDA3-AF4463D80A89}"
EndProject
Project("{FAE04EC0-301F-11D3-BF4B-00C04F79EFBC}") = "AdventOfCodeDay5", "AdventOfCodeDay5\AdventOfCodeDay5.csproj", "{38DE7A0B-4FD6-4523-BFD7-1F527CFA1693}"
EndProject
Global
	GlobalSection(SolutionConfigurationPlatforms) = preSolution
		Debug|Any CPU = Debug|Any CPU
		Release|Any CPU = Release|Any CPU
	EndGlobalSection
	GlobalSection(ProjectConfigurationPlatforms) = postSolution
		{B99EDE47-0D5F-46B8-9263-5E9B47540AF6}.Debug|Any CPU.ActiveCfg = Debug|Any CPU
		{B99EDE47-0D5F-46B8-9263-5E9B47540AF6}.Debug|Any CPU.Build.0 = Debug|Any CPU
		{B99EDE47-0D5F-46B8-9263-5E9B47540AF6}.Release|Any CPU.ActiveCfg = Release|Any CPU
		{B99EDE47-0D5F-46B8-9263-5E9B47540AF6}.Release|Any CPU.Build.0 = Release|Any CPU
		{71FF6229-3F9D-4ECF-8A7D-808D64D8D6BF}.Debug|Any CPU.ActiveCfg = Debug|Any CPU
		{71FF6229-3F9D-4ECF-8A7D-808D64D8D6BF}.Debug|Any CPU.Build.0 = Debug|Any CPU
		{71FF6229-3F9D-4ECF-8A7D-808D64D8D6BF}.Release|Any CPU.ActiveCfg = Release|Any CPU
		{71FF6229-3F9D-4ECF-8A7D-808D64D8D6BF}.Release|Any CPU.Build.0 = Release|Any CPU
		{7AA84F37-5268-44C2-BD53-D8D49C07936C}.Debug|Any CPU.ActiveCfg = Debug|Any CPU
		{7AA84F37-5268-44C2-BD53-D8D49C07936C}.Debug|Any CPU.Build.0 = Debug|Any CPU
		{7AA84F37-5268-44C2-BD53-D8D49C07936C}.Release|Any CPU.ActiveCfg = Release|Any CPU
		{7AA84F37-5268-44C2-BD53-D8D49C07936C}.Release|Any CPU.Build.0 = Release|Any CPU
		{E95F76EF-578D-4292-BDA3-AF4463D80A89}.Debug|Any CPU.ActiveCfg = Debug|Any CPU
		{E95F76EF-578D-4292-BDA3-AF4463D80A89}.Debug|Any CPU.Build.0 = Debug|Any CPU
		{E95F76EF-578D-4292-BDA3-AF4463D80A89}.Release|Any CPU.ActiveCfg = Release|Any CPU
		{E95F76EF-578D-4292-BDA3-AF4463D80A89}.Release|Any CPU.Build.0 = Release|Any CPU
		{38DE7A0B-4FD6-4523-BFD7-1F527CFA1693}.Debug|Any CPU.ActiveCfg = Debug|Any CPU
		{38DE7A0B-4FD6-4523-BFD7-1F527CFA1693}.Debug|Any CPU.Build.0 = Debug|Any CPU
		{38DE7A0B-4FD6-4523-BFD7-1F527CFA1693}.Release|Any CPU.ActiveCfg = Release|Any CPU
		{38DE7A0B-4FD6-4523-BFD7-1F527CFA1693}.Release|Any CPU.Build.0 = Release|Any CPU
	EndGlobalSection
	GlobalSection(SolutionProperties) = preSolution
		HideSolutionNode = FALSE
	EndGlobalSection
	GlobalSection(ExtensibilityGlobals) = postSolution
		SolutionGuid = {2CF66A19-A7B7-4A62-8E43-FF4C72EED204}
	EndGlobalSection
EndGlobal
